{
  "name": "nonemotionalorchestra",
  "lockfileVersion": 2,
  "requires": true,
  "packages": {
    "": {
      "dependencies": {
        "jzz": "^1.4.5"
      }
    },
    "node_modules/@types/webmidi": {
      "version": "2.0.6",
      "resolved": "https://registry.npmjs.org/@types/webmidi/-/webmidi-2.0.6.tgz",
      "integrity": "sha512-sfS0A5IryqmBrUpcGPipEPeFdpqmZzP6b6lZFxHKgz5n2Vhzh4yJ5P2TvoDUhDjqJyv0Y25ng0Qodgo2Vu08ug=="
    },
    "node_modules/jazz-midi": {
      "version": "1.7.5",
      "resolved": "https://registry.npmjs.org/jazz-midi/-/jazz-midi-1.7.5.tgz",
      "integrity": "sha512-RUxChhn388CZfSymwwgucfaBxGu4Z0eeJOSTnUMsDN2tMx5E8G+o7h2gk/xPaDTfOORnQsJk71VhSuqiw1Hy9Q==",
      "engines": {
        "node": ">=10.0.0"
      }
    },
    "node_modules/jzz": {
      "version": "1.4.5",
      "resolved": "https://registry.npmjs.org/jzz/-/jzz-1.4.5.tgz",
      "integrity": "sha512-QT8O7yJ8PQAllSIVAjHundTjcXAGiKjwwK0U1DIVElBppGkM3h+US38ltxmYUF6Y9n3Ocha+kTyCH41KyJomuA==",
      "dependencies": {
        "@types/webmidi": "^2.0.6",
        "jazz-midi": "^1.7.5"
      }
    }
  },
  "dependencies": {
    "@types/webmidi": {
      "version": "2.0.6",
      "resolved": "https://registry.npmjs.org/@types/webmidi/-/webmidi-2.0.6.tgz",
      "integrity": "sha512-sfS0A5IryqmBrUpcGPipEPeFdpqmZzP6b6lZFxHKgz5n2Vhzh4yJ5P2TvoDUhDjqJyv0Y25ng0Qodgo2Vu08ug=="
    },
    "jazz-midi": {
      "version": "1.7.5",
      "resolved": "https://registry.npmjs.org/jazz-midi/-/jazz-midi-1.7.5.tgz",
      "integrity": "sha512-RUxChhn388CZfSymwwgucfaBxGu4Z0eeJOSTnUMsDN2tMx5E8G+o7h2gk/xPaDTfOORnQsJk71VhSuqiw1Hy9Q=="
    },
    "jzz": {
      "version": "1.4.5",
      "resolved": "https://registry.npmjs.org/jzz/-/jzz-1.4.5.tgz",
      "integrity": "sha512-QT8O7yJ8PQAllSIVAjHundTjcXAGiKjwwK0U1DIVElBppGkM3h+US38ltxmYUF6Y9n3Ocha+kTyCH41KyJomuA==",
      "requires": {
        "@types/webmidi": "^2.0.6",
        "jazz-midi": "^1.7.5"
      }
    }
  }
}
